
Microsoft Visual Studio Solution File, Format Version 12.00
# Visual Studio 2013
VisualStudioVersion = 12.0.21005.1
MinimumVisualStudioVersion = 10.0.40219.1
Project("{FAE04EC0-301F-11D3-BF4B-00C04F79EFBC}") = "Collobrator_update", "Collobrator_update\Collobrator_update.csproj", "{E377AEA0-AF10-4EF5-BB96-4458ED69A9BD}"
EndProject
Global
	GlobalSection(SolutionConfigurationPlatforms) = preSolution
		Debug|Any CPU = Debug|Any CPU
		Release|Any CPU = Release|Any CPU
	EndGlobalSection
	GlobalSection(ProjectConfigurationPlatforms) = postSolution
		{E377AEA0-AF10-4EF5-BB96-4458ED69A9BD}.Debug|Any CPU.ActiveCfg = Debug|Any CPU
		{E377AEA0-AF10-4EF5-BB96-4458ED69A9BD}.Debug|Any CPU.Build.0 = Debug|Any CPU
		{E377AEA0-AF10-4EF5-BB96-4458ED69A9BD}.Release|Any CPU.ActiveCfg = Release|Any CPU
		{E377AEA0-AF10-4EF5-BB96-4458ED69A9BD}.Release|Any CPU.Build.0 = Release|Any CPU
	EndGlobalSection
	GlobalSection(SolutionProperties) = preSolution
		HideSolutionNode = FALSE
	EndGlobalSection
EndGlobal
